
Microsoft Visual Studio Solution File, Format Version 12.00
# Visual Studio Version 16
VisualStudioVersion = 16.0.30503.244
MinimumVisualStudioVersion = 10.0.40219.1
Project("{FAE04EC0-301F-11D3-BF4B-00C04F79EFBC}") = "WindowsFormsApp1", "WindowsFormsApp1.csproj", "{0E5FBB7F-9591-4C23-8234-E517D25E14A5}"
EndProject
Project("{FAE04EC0-301F-11D3-BF4B-00C04F79EFBC}") = "GraphLibrary", "C:\Users\vladg\Desktop\SimpleGraphLibrary-master\GraphLibrary\GraphLibrary\GraphLibrary.csproj", "{108BA026-2631-476F-B942-4DB69C12AB89}"
EndProject
Global
	GlobalSection(SolutionConfigurationPlatforms) = preSolution
		Debug|Any CPU = Debug|Any CPU
		Release|Any CPU = Release|Any CPU
	EndGlobalSection
	GlobalSection(ProjectConfigurationPlatforms) = postSolution
		{0E5FBB7F-9591-4C23-8234-E517D25E14A5}.Debug|Any CPU.ActiveCfg = Debug|Any CPU
		{0E5FBB7F-9591-4C23-8234-E517D25E14A5}.Debug|Any CPU.Build.0 = Debug|Any CPU
		{0E5FBB7F-9591-4C23-8234-E517D25E14A5}.Release|Any CPU.ActiveCfg = Release|Any CPU
		{0E5FBB7F-9591-4C23-8234-E517D25E14A5}.Release|Any CPU.Build.0 = Release|Any CPU
		{108BA026-2631-476F-B942-4DB69C12AB89}.Debug|Any CPU.ActiveCfg = Debug|Any CPU
		{108BA026-2631-476F-B942-4DB69C12AB89}.Debug|Any CPU.Build.0 = Debug|Any CPU
		{108BA026-2631-476F-B942-4DB69C12AB89}.Release|Any CPU.ActiveCfg = Release|Any CPU
		{108BA026-2631-476F-B942-4DB69C12AB89}.Release|Any CPU.Build.0 = Release|Any CPU
	EndGlobalSection
	GlobalSection(SolutionProperties) = preSolution
		HideSolutionNode = FALSE
	EndGlobalSection
	GlobalSection(ExtensibilityGlobals) = postSolution
		SolutionGuid = {EDB2EE10-D792-43D0-BD8D-9C3E2509E2BF}
	EndGlobalSection
EndGlobal
